
Microsoft Visual Studio Solution File, Format Version 12.00
# Visual Studio Version 16
VisualStudioVersion = 16.0.31005.135
MinimumVisualStudioVersion = 10.0.40219.1
Project("{FAE04EC0-301F-11D3-BF4B-00C04F79EFBC}") = "UnionWealthNotification", "Union's Wealth_re\UnionWealthNotification.csproj", "{6677E3C3-7BF8-439D-B46E-5D757398D428}"
EndProject
Global
	GlobalSection(SolutionConfigurationPlatforms) = preSolution
		Debug|Any CPU = Debug|Any CPU
		Release|Any CPU = Release|Any CPU
	EndGlobalSection
	GlobalSection(ProjectConfigurationPlatforms) = postSolution
		{6677E3C3-7BF8-439D-B46E-5D757398D428}.Debug|Any CPU.ActiveCfg = Debug|Any CPU
		{6677E3C3-7BF8-439D-B46E-5D757398D428}.Debug|Any CPU.Build.0 = Debug|Any CPU
		{6677E3C3-7BF8-439D-B46E-5D757398D428}.Release|Any CPU.ActiveCfg = Release|Any CPU
		{6677E3C3-7BF8-439D-B46E-5D757398D428}.Release|Any CPU.Build.0 = Release|Any CPU
	EndGlobalSection
	GlobalSection(SolutionProperties) = preSolution
		HideSolutionNode = FALSE
	EndGlobalSection
	GlobalSection(ExtensibilityGlobals) = postSolution
		SolutionGuid = {E63A5B82-B116-42DD-865E-0D4B1564B373}
	EndGlobalSection
EndGlobal
